
Microsoft Visual Studio Solution File, Format Version 12.00
# Visual Studio 15
VisualStudioVersion = 15.0.27004.2010
MinimumVisualStudioVersion = 10.0.40219.1
Project("{FAE04EC0-301F-11D3-BF4B-00C04F79EFBC}") = "TEAM LITTLE EXTERMINATORS", "TEAM LITTLE EXTERMINATORS\TEAM LITTLE EXTERMINATORS.csproj", "{BCC51314-2FA3-4343-A5A0-EB076C22D715}"
EndProject
Global
	GlobalSection(SolutionConfigurationPlatforms) = preSolution
		Debug|Any CPU = Debug|Any CPU
		Release|Any CPU = Release|Any CPU
	EndGlobalSection
	GlobalSection(ProjectConfigurationPlatforms) = postSolution
		{BCC51314-2FA3-4343-A5A0-EB076C22D715}.Debug|Any CPU.ActiveCfg = Debug|Any CPU
		{BCC51314-2FA3-4343-A5A0-EB076C22D715}.Debug|Any CPU.Build.0 = Debug|Any CPU
		{BCC51314-2FA3-4343-A5A0-EB076C22D715}.Release|Any CPU.ActiveCfg = Release|Any CPU
		{BCC51314-2FA3-4343-A5A0-EB076C22D715}.Release|Any CPU.Build.0 = Release|Any CPU
	EndGlobalSection
	GlobalSection(SolutionProperties) = preSolution
		HideSolutionNode = FALSE
	EndGlobalSection
	GlobalSection(ExtensibilityGlobals) = postSolution
		SolutionGuid = {3410FE64-206B-4A16-8762-4FB271350F24}
	EndGlobalSection
EndGlobal
